# THIS IS AN AUTOGENERATED FILE. DO NOT EDIT THIS FILE DIRECTLY.
# yarn lockfile v1


"@babel/runtime@^7.10.4", "@babel/runtime@^7.10.5":
  version "7.26.9"
  resolved "https://registry.yarnpkg.com/@babel/runtime/-/runtime-7.26.9.tgz#aa4c6facc65b9cb3f87d75125ffd47781b475433"
  integrity sha512-aA63XwOkcl4xxQa3HjPMqOP6LiK0ZDv3mUPYEFXkpHbaFjtGggE1A61FjFzJnB+p7/oy2gA8E+rcBNl/zC1tMg==
  dependencies:
    regenerator-runtime "^0.14.0"

"@fluentui/react-component-event-listener@~0.63.0":
  version "0.63.1"
  resolved "https://registry.yarnpkg.com/@fluentui/react-component-event-listener/-/react-component-event-listener-0.63.1.tgz#c2af94893671f1d6bfe2a8a07dcfa2cb01b85f52"
  integrity sha512-gSMdOh6tI3IJKZFqxfQwbTpskpME0CvxdxGM2tdglmf6ZPVDi0L4+KKIm+2dN8nzb8Ya1A8ZT+Ddq0KmZtwVQg==
  dependencies:
    "@babel/runtime" "^7.10.4"

"@fluentui/react-component-ref@~0.63.0":
  version "0.63.1"
  resolved "https://registry.yarnpkg.com/@fluentui/react-component-ref/-/react-component-ref-0.63.1.tgz#a7778e2a5c724d12e828afd994c93fa2da44f64e"
  integrity sha512-8MkXX4+R3i80msdbD4rFpEB4WWq2UDvGwG386g3ckIWbekdvN9z2kWAd9OXhRGqB7QeOsoAGWocp6gAMCivRlw==
  dependencies:
    "@babel/runtime" "^7.10.4"
    react-is "^16.6.3"

"@popperjs/core@^2.6.0":
  version "2.11.8"
  resolved "https://registry.yarnpkg.com/@popperjs/core/-/core-2.11.8.tgz#6b79032e760a0899cd4204710beede972a3a185f"
  integrity sha512-P1st0aksCrn9sGZhp8GMYwBnQsbvAWsZAX44oXNNvLHGqAOcoVxmjZiohstwQ7SqKnbR47akdNi+uleWD8+g6A==

"@semantic-ui-react/event-stack@^3.1.3":
  version "3.1.3"
  resolved "https://registry.yarnpkg.com/@semantic-ui-react/event-stack/-/event-stack-3.1.3.tgz#2862d2631d67dd846c705db2fc1ede1c468be3a1"
  integrity sha512-FdTmJyWvJaYinHrKRsMLDrz4tTMGdFfds299Qory53hBugiDvGC0tEJf+cHsi5igDwWb/CLOgOiChInHwq8URQ==
  dependencies:
    exenv "^1.2.2"
    prop-types "^15.6.2"

clsx@^1.1.1:
  version "1.2.1"
  resolved "https://registry.yarnpkg.com/clsx/-/clsx-1.2.1.tgz#0ddc4a20a549b59c93a4116bb26f5294ca17dc12"
  integrity sha512-EcR6r5a8bj6pu3ycsa/E/cKVGuTgZJZdsyUYHOksG/UHIiKfjxzRxYJpyVBwYaQeOvghal9fcc4PidlgzugAQg==

exenv@^1.2.2:
  version "1.2.2"
  resolved "https://registry.yarnpkg.com/exenv/-/exenv-1.2.2.tgz#2ae78e85d9894158670b03d47bec1f03bd91bb9d"
  integrity sha512-Z+ktTxTwv9ILfgKCk32OX3n/doe+OcLTRtqK9pcL+JsP3J1/VW8Uvl4ZjLlKqeW4rzK4oesDOGMEMRIZqtP4Iw==

"js-tokens@^3.0.0 || ^4.0.0":
  version "4.0.0"
  resolved "https://registry.yarnpkg.com/js-tokens/-/js-tokens-4.0.0.tgz#19203fb59991df98e3a287050d4647cdeaf32499"
  integrity sha512-RdJUflcE3cUzKiMqQgsCu06FPu9UdIJO0beYbPhHN4k6apgJtifcoCtT9bcxOpYBtpD2kCM6Sbzg4CausW/PKQ==

keyboard-key@^1.1.0:
  version "1.1.0"
  resolved "https://registry.yarnpkg.com/keyboard-key/-/keyboard-key-1.1.0.tgz#6f2e8e37fa11475bb1f1d65d5174f1b35653f5b7"
  integrity sha512-qkBzPTi3rlAKvX7k0/ub44sqOfXeLc/jcnGGmj5c7BJpU8eDrEVPyhCvNYAaoubbsLm9uGWwQJO1ytQK1a9/dQ==

lodash-es@^4.17.21:
  version "4.17.21"
  resolved "https://registry.yarnpkg.com/lodash-es/-/lodash-es-4.17.21.tgz#43e626c46e6591b7750beb2b50117390c609e3ee"
  integrity sha512-mKnC+QJ9pWVzv+C4/U3rRsHapFfHvQFoFB92e52xeyGMcX6/OlIl78je1u8vePzYZSkkogMPJ2yjxxsb89cxyw==

lodash@^4.17.21:
  version "4.17.21"
  resolved "https://registry.yarnpkg.com/lodash/-/lodash-4.17.21.tgz#679591c564c3bffaae8454cf0b3df370c3d6911c"
  integrity sha512-v2kDEe57lecTulaDIuNTPy3Ry4gLGJ6Z1O3vE1krgXZNrsQ+LFTGHVxVjcXPs17LhbZVGedAJv8XZ1tvj5FvSg==

loose-envify@^1.0.0, loose-envify@^1.4.0:
  version "1.4.0"
  resolved "https://registry.yarnpkg.com/loose-envify/-/loose-envify-1.4.0.tgz#71ee51fa7be4caec1a63839f7e682d8132d30caf"
  integrity sha512-lyuxPGr/Wfhrlem2CL/UcnUc1zcqKAImBDzukY7Y5F/yQiNdko6+fRLevlw1HgMySw7f611UIY408EtxRSoK3Q==
  dependencies:
    js-tokens "^3.0.0 || ^4.0.0"

object-assign@^4.1.1:
  version "4.1.1"
  resolved "https://registry.yarnpkg.com/object-assign/-/object-assign-4.1.1.tgz#2109adc7965887cfc05cbbd442cac8bfbb360863"
  integrity sha512-rJgTQnkUnH1sFw8yT6VSU3zD3sWmu6sZhIseY8VX+GRu3P6F7Fu+JNDoXfklElbLJSnc3FUQHVe4cU5hj+BcUg==

prop-types@^15.6.2, prop-types@^15.7.2:
  version "15.8.1"
  resolved "https://registry.yarnpkg.com/prop-types/-/prop-types-15.8.1.tgz#67d87bf1a694f48435cf332c24af10214a3140b5"
  integrity sha512-oj87CgZICdulUohogVAR7AjlC0327U4el4L6eAvOqCeudMDVU0NThNaV+b9Df4dXgSP1gXMTnPdhfe/2qDH5cg==
  dependencies:
    loose-envify "^1.4.0"
    object-assign "^4.1.1"
    react-is "^16.13.1"

react-fast-compare@^3.0.1:
  version "3.2.2"
  resolved "https://registry.yarnpkg.com/react-fast-compare/-/react-fast-compare-3.2.2.tgz#929a97a532304ce9fee4bcae44234f1ce2c21d49"
  integrity sha512-nsO+KSNgo1SbJqJEYRE9ERzo7YtYbou/OqjSQKxV7jcKox7+usiUVZOAC+XnDOABXggQTno0Y1CpVnuWEc1boQ==

react-is@^16.13.1, react-is@^16.6.3:
  version "16.13.1"
  resolved "https://registry.yarnpkg.com/react-is/-/react-is-16.13.1.tgz#789729a4dc36de2999dc156dd6c1d9c18cea56a4"
  integrity sha512-24e6ynE2H+OKt4kqsOvNd8kBpV65zoxbA4BVsEOB3ARVWQki/DHzaUoC5KuON/BiccDaCCTZBuOcfZs70kR8bQ==

"react-is@^16.8.6 || ^17.0.0 || ^18.0.0":
  version "18.3.1"
  resolved "https://registry.yarnpkg.com/react-is/-/react-is-18.3.1.tgz#e83557dc12eae63a99e003a46388b1dcbb44db7e"
  integrity sha512-/LLMVyas0ljjAtoYiPqYiL8VWXzUUdThrmU5+n20DZv+a+ClRoevUzw5JxU+Ieh5/c87ytoTBV9G1FiKfNJdmg==

react-popper@^2.3.0:
  version "2.3.0"
  resolved "https://registry.yarnpkg.com/react-popper/-/react-popper-2.3.0.tgz#17891c620e1320dce318bad9fede46a5f71c70ba"
  integrity sha512-e1hj8lL3uM+sgSR4Lxzn5h1GxBlpa4CQz0XLF8kx4MDrDRWY0Ena4c97PUeSX9i5W3UAfDP0z0FXCTQkoXUl3Q==
  dependencies:
    react-fast-compare "^3.0.1"
    warning "^4.0.2"

regenerator-runtime@^0.14.0:
  version "0.14.1"
  resolved "https://registry.yarnpkg.com/regenerator-runtime/-/regenerator-runtime-0.14.1.tgz#356ade10263f685dda125100cd862c1db895327f"
  integrity sha512-dYnhHh0nJoMfnkZs6GmmhFknAGRrLznOu5nc9ML+EJxGvrx6H7teuevqVqCuPcPK//3eDrrjQhehXVx9cnkGdw==

semantic-ui-react@^2.1.5:
  version "2.1.5"
  resolved "https://registry.yarnpkg.com/semantic-ui-react/-/semantic-ui-react-2.1.5.tgz#5bf84c357686d7de0dd1005fb661418884d2d343"
  integrity sha512-nIqmmUNpFHfovEb+RI2w3E2/maZQutd8UIWyRjf1SLse+XF51hI559xbz/sLN3O6RpLjr/echLOOXwKCirPy3Q==
  dependencies:
    "@babel/runtime" "^7.10.5"
    "@fluentui/react-component-event-listener" "~0.63.0"
    "@fluentui/react-component-ref" "~0.63.0"
    "@popperjs/core" "^2.6.0"
    "@semantic-ui-react/event-stack" "^3.1.3"
    clsx "^1.1.1"
    keyboard-key "^1.1.0"
    lodash "^4.17.21"
    lodash-es "^4.17.21"
    prop-types "^15.7.2"
    react-is "^16.8.6 || ^17.0.0 || ^18.0.0"
    react-popper "^2.3.0"
    shallowequal "^1.1.0"

shallowequal@^1.1.0:
  version "1.1.0"
  resolved "https://registry.yarnpkg.com/shallowequal/-/shallowequal-1.1.0.tgz#188d521de95b9087404fd4dcb68b13df0ae4e7f8"
  integrity sha512-y0m1JoUZSlPAjXVtPPW70aZWfIL/dSP7AFkRnniLCrK/8MDKog3TySTBmckD+RObVxH0v4Tox67+F14PdED2oQ==

warning@^4.0.2:
  version "4.0.3"
  resolved "https://registry.yarnpkg.com/warning/-/warning-4.0.3.tgz#16e9e077eb8a86d6af7d64aa1e05fd85b4678ca3"
  integrity sha512-rpJyN222KWIvHJ/F53XSZv0Zl/accqHR8et1kpaMTD/fLCRxtV8iX8czMzY7sVZupTI3zcUTg8eycS2kNF9l6w==
  dependencies:
    loose-envify "^1.0.0"
