{
  "version": 4,
  "terraform_version": "0.12.28",
  "serial": 17,
  "lineage": "5687fc5d-ec79-9d2d-e8bc-e45b18a311f7",
  "outputs": {
    "endpoint": {
      "value": "35.185.123.210",
      "type": "string"
    },
    "master_version": {
      "value": "1.14.10-gke.36",
      "type": "string"
    }
  },
  "resources": [
    {
      "mode": "managed",
      "type": "google_container_cluster",
      "name": "default",
      "provider": "provider.google-beta",
      "instances": [
        {
          "schema_version": 1,
          "attributes": {
            "additional_zones": [],
            "addons_config": [
              {
                "cloudrun_config": [],
                "config_connector_config": [],
                "dns_cache_config": [],
                "gce_persistent_disk_csi_driver_config": [],
                "horizontal_pod_autoscaling": [],
                "http_load_balancing": [],
                "istio_config": [],
                "kalm_config": [],
                "kubernetes_dashboard": [],
                "network_policy_config": [
                  {
                    "disabled": true
                  }
                ]
              }
            ],
            "authenticator_groups_config": [],
            "cluster_autoscaling": [
              {
                "auto_provisioning_defaults": [],
                "autoscaling_profile": "BALANCED",
                "enabled": false,
                "resource_limits": []
              }
            ],
            "cluster_ipv4_cidr": "10.0.0.0/14",
            "cluster_telemetry": [
              {
                "type": "ENABLED"
              }
            ],
            "database_encryption": [
              {
                "key_name": "",
                "state": "DECRYPTED"
              }
            ],
            "default_max_pods_per_node": null,
            "description": "Staging GKE cluster",
            "enable_binary_authorization": false,
            "enable_intranode_visibility": false,
            "enable_kubernetes_alpha": false,
            "enable_legacy_abac": false,
            "enable_shielded_nodes": false,
            "enable_tpu": false,
            "endpoint": "35.185.123.210",
            "id": "projects/bedrock-foundation/locations/us-east1-c/clusters/bedrock-staging-cluster",
            "initial_node_count": 1,
            "instance_group_urls": [],
            "ip_allocation_policy": [],
            "label_fingerprint": "a9dc16a7",
            "location": "us-east1-c",
            "logging_service": "logging.googleapis.com/kubernetes",
            "maintenance_policy": [],
            "master_auth": [
              {
                "client_certificate": "",
                "client_certificate_config": [
                  {
                    "issue_client_certificate": false
                  }
                ],
                "client_key": "",
                "cluster_ca_certificate": "LS0tLS1CRUdJTiBDRVJUSUZJQ0FURS0tLS0tCk1JSURDekNDQWZPZ0F3SUJBZ0lRSm1sVDhzeTJReGlsNWhKVHFJMDBDekFOQmdrcWhraUc5dzBCQVFzRkFEQXYKTVMwd0t3WURWUVFERXlRM1l6ZzBaVE0xWlMweE5UUm1MVFF3TVRjdE9HVXpOaTAxTVRCaVlqWTVZalEzWkdRdwpIaGNOTWpBd056QXlNVEF3TnpBM1doY05NalV3TnpBeE1URXdOekEzV2pBdk1TMHdLd1lEVlFRREV5UTNZemcwClpUTTFaUzB4TlRSbUxUUXdNVGN0T0dVek5pMDFNVEJpWWpZNVlqUTNaR1F3Z2dFaU1BMEdDU3FHU0liM0RRRUIKQVFVQUE0SUJEd0F3Z2dFS0FvSUJBUUNzd204dHNKOTRtMGIzcGdyUW1BdjhKeVpRZXBEdVViUXRuaXhRdU5pYgpQOEFqRWlVM3VwRGdIa1N6QWlUVXI4bm1qYk5sSnkvUUhLUEEzY1VXT3dLdFREZm80bjFtczJQWU85bERicGFhCm1lT2xoZVRBMDZXSWE0V1lML2ZxaStOc0hydkVxNTBiS1FCckEzK2h0TGxvaHpyWHZiL1BDWS82aG80d1BsaE4KdkxKQmRraUtTYjhDVGt5SU5qaXNRZUdTTXNjL25UbWZjYUc0R0FOT2s3bzhFN1dYTzZIY0xVNGoxTXJHRUk5RgpQZFJvOFNXanBDWTFFaWZQTlJ4VVNnZGpUSEZWTnZPM05TTWkyQnJseXhwRjBWZ1BiS0hYNmFSY1lTcnBTSFNGCmVIalUzR1VnRll5eUd5aGs1bGF5NmtFNDZGdTh6NTVNOTgwajBJdkpXSW4zQWdNQkFBR2pJekFoTUE0R0ExVWQKRHdFQi93UUVBd0lDQkRBUEJnTlZIUk1CQWY4RUJUQURBUUgvTUEwR0NTcUdTSWIzRFFFQkN3VUFBNElCQVFBNQp0MWNEMkZ0YmM1ajZQK3p5c3piK25leld5VHVMNHNVYWVkNXR2MTlIUExGMFhtV1dIeEpDSSs4Y3A0ejNaTEsxCmNHWW5Ib3paQ2dybGs1YlExVEV3SXZMVTNPY3NYQUhKTXYyRGVibXVXZmJnSFVMeGNZUmp2Nm1qQlV0MUljQXUKNCsxQWRoM1d3ZDVhN05OYTVMOW5hOVQwbXBnQzNtSWNRc0tmM1VQVHowQ0ozNUNFM1hFZ3hLUXFMbGdpOURNRwpkdENVdHVZVlV5ai8rTlVLWUhpaVRKV093VVdpWjNrYS9DUDNuaU5zMk1PcTFPdVdiOEhUbFhNTk92YUlicUcyCisyTEo0WVVRNG1Qc05VN1MybmU5bnVLL3A1NVc1c3dxaFJwQUlkVWVPY0RuQWFrbjBXT0t4R0VkNG9OQXNKbHgKeWJLa0lkR1g2TUNKcWoxM0xNVjEKLS0tLS1FTkQgQ0VSVElGSUNBVEUtLS0tLQo=",
                "password": "",
                "username": ""
              }
            ],
            "master_authorized_networks_config": [],
            "master_version": "1.14.10-gke.36",
            "min_master_version": null,
            "monitoring_service": "monitoring.googleapis.com/kubernetes",
            "name": "bedrock-staging-cluster",
            "network": "projects/bedrock-foundation/global/networks/default",
            "network_policy": [
              {
                "enabled": false,
                "provider": "PROVIDER_UNSPECIFIED"
              }
            ],
            "node_config": [],
            "node_locations": [],
            "node_pool": [],
            "node_version": "1.14.10-gke.36",
            "operation": null,
            "pod_security_policy_config": [],
            "private_cluster_config": [],
            "project": "bedrock-foundation",
            "region": null,
            "release_channel": [
              {
                "channel": "UNSPECIFIED"
              }
            ],
            "remove_default_node_pool": true,
            "resource_labels": null,
            "resource_usage_export_config": [],
            "services_ipv4_cidr": "10.3.240.0/20",
            "subnetwork": "projects/bedrock-foundation/regions/us-east1/subnetworks/default",
            "timeouts": {
              "create": "2h",
              "delete": "2h",
              "read": null,
              "update": "2h"
            },
            "tpu_ipv4_cidr_block": "",
            "vertical_pod_autoscaling": [],
            "workload_identity_config": [],
            "zone": null
          },
          "private": "eyJlMmJmYjczMC1lY2FhLTExZTYtOGY4OC0zNDM2M2JjN2M0YzAiOnsiY3JlYXRlIjo3MjAwMDAwMDAwMDAwLCJkZWxldGUiOjcyMDAwMDAwMDAwMDAsInJlYWQiOjI0MDAwMDAwMDAwMDAsInVwZGF0ZSI6NzIwMDAwMDAwMDAwMH0sInNjaGVtYV92ZXJzaW9uIjoiMSJ9"
        }
      ]
    },
    {
      "mode": "managed",
      "type": "google_container_node_pool",
      "name": "default",
      "provider": "provider.google",
      "instances": [
        {
          "schema_version": 1,
          "attributes": {
            "autoscaling": [],
            "cluster": "bedrock-staging-cluster",
            "id": "projects/bedrock-foundation/locations/us-east1-c/clusters/bedrock-staging-cluster/nodePools/bedrock-staging-cluster-node-pool",
            "initial_node_count": 3,
            "instance_group_urls": [
              "https://www.googleapis.com/compute/v1/projects/bedrock-foundation/zones/us-east1-c/instanceGroupManagers/gke-bedrock-staging--bedrock-staging--63084613-grp"
            ],
            "location": "us-east1-c",
            "management": [
              {
                "auto_repair": true,
                "auto_upgrade": true
              }
            ],
            "max_pods_per_node": null,
            "name": "bedrock-staging-cluster-node-pool",
            "name_prefix": "",
            "node_config": [
              {
                "disk_size_gb": 100,
                "disk_type": "pd-standard",
                "guest_accelerator": [],
                "image_type": "COS",
                "labels": {},
                "local_ssd_count": 0,
                "machine_type": "n1-standard-1",
                "metadata": {
                  "disable-legacy-endpoints": "true"
                },
                "min_cpu_platform": "",
                "oauth_scopes": [
                  "https://www.googleapis.com/auth/compute",
                  "https://www.googleapis.com/auth/devstorage.full_control",
                  "https://www.googleapis.com/auth/logging.write",
                  "https://www.googleapis.com/auth/monitoring"
                ],
                "preemptible": true,
                "sandbox_config": [],
                "service_account": "default",
                "shielded_instance_config": [
                  {
                    "enable_integrity_monitoring": true,
                    "enable_secure_boot": false
                  }
                ],
                "tags": null,
                "taint": [],
                "workload_metadata_config": []
              }
            ],
            "node_count": 3,
            "node_locations": [
              "us-east1-c"
            ],
            "project": "bedrock-foundation",
            "region": null,
            "timeouts": null,
            "upgrade_settings": [
              {
                "max_surge": 1,
                "max_unavailable": 0
              }
            ],
            "version": "1.14.10-gke.36",
            "zone": null
          },
          "private": "eyJlMmJmYjczMC1lY2FhLTExZTYtOGY4OC0zNDM2M2JjN2M0YzAiOnsiY3JlYXRlIjoxODAwMDAwMDAwMDAwLCJkZWxldGUiOjE4MDAwMDAwMDAwMDAsInVwZGF0ZSI6MTgwMDAwMDAwMDAwMH0sInNjaGVtYV92ZXJzaW9uIjoiMSJ9",
          "dependencies": [
            "google_container_cluster.default"
          ]
        }
      ]
    },
    {
      "mode": "managed",
      "type": "google_storage_bucket",
      "name": "bucket",
      "each": "map",
      "provider": "provider.google",
      "instances": []
    }
  ]
}
